<?xml version="1.0" encoding="utf-8"?>
<Project ToolsVersion="4.0" xmlns="http://schemas.microsoft.com/developer/msbuild/2003">
  <ItemGroup>
    <Filter Include="Source Files">
      <UniqueIdentifier>{4FC737F1-C7A5-4376-A066-2A32D752A2FF}</UniqueIdentifier>
      <Extensions>cpp;c;cc;cxx;def;odl;idl;hpj;bat;asm;asmx</Extensions>
    </Filter>
    <Filter Include="Header Files">
      <UniqueIdentifier>{93995380-89BD-4b04-88EB-625FBE52EBFB}</UniqueIdentifier>
      <Extensions>h;hh;hpp;hxx;hm;inl;inc;ipp;xsd</Extensions>
    </Filter>
    <Filter Include="Resource Files">
      <UniqueIdentifier>{67DA6AB6-F800-4c08-8B7A-83BB121AAD01}</UniqueIdentifier>
      <Extensions>rc;ico;cur;bmp;dlg;rc2;rct;bin;rgs;gif;jpg;jpeg;jpe;resx;tiff;tif;png;wav;mfcribbon-ms</Extensions>
    </Filter>
    <Filter Include="Source Files\GUI">
      <UniqueIdentifier>{32136a6d-8cd7-4799-985c-41045dbdfc59}</UniqueIdentifier>
    </Filter>
    <Filter Include="Source Files\Structs">
      <UniqueIdentifier>{c41e4a3e-5831-4f46-b805-716fdeccd807}</UniqueIdentifier>
    </Filter>
    <Filter Include="Source Files\Utils">
      <UniqueIdentifier>{896ec100-64c0-4b57-aba6-5b62f361dff3}</UniqueIdentifier>
    </Filter>
    <Filter Include="Source Files\Structs\GameRelated">
      <UniqueIdentifier>{3f16e38a-ff17-45e9-9c82-26e29044bd89}</UniqueIdentifier>
    </Filter>
    <Filter Include="Source Files\Python">
      <UniqueIdentifier>{277024ac-8f44-404e-aec4-a058949713dd}</UniqueIdentifier>
    </Filter>
    <Filter Include="Source Files\Core">
      <UniqueIdentifier>{d28b0c84-0437-4186-bf25-e02b6db8c8c7}</UniqueIdentifier>
    </Filter>
    <Filter Include="Source Files\Structs\GameRelated\Spells">
      <UniqueIdentifier>{a2f140b9-3045-40da-be66-60eabf10af5d}</UniqueIdentifier>
    </Filter>
    <Filter Include="Source Files\Structs\GameRelated\Units">
      <UniqueIdentifier>{f24696f8-27e0-4883-9478-56065f8048e4}</UniqueIdentifier>
    </Filter>
    <Filter Include="Source Files\Structs\GameRelated\Data">
      <UniqueIdentifier>{0ffb7377-39cd-40f3-8539-0eba6297aefe}</UniqueIdentifier>
    </Filter>
    <Filter Include="Source Files\Structs\GameRelated\Others">
      <UniqueIdentifier>{c139ef89-3486-4f32-bff6-8e82d5fe5a24}</UniqueIdentifier>
    </Filter>
    <Filter Include="Source Files\External">
      <UniqueIdentifier>{7ab4a644-702d-449c-b876-0ddde6ddd978}</UniqueIdentifier>
    </Filter>
    <Filter Include="Source Files\External\imgui">
      <UniqueIdentifier>{462e78dd-f859-45e0-8411-dd4643618c9a}</UniqueIdentifier>
    </Filter>
    <Filter Include="Source Files\External\stb_image">
      <UniqueIdentifier>{890199b9-57ab-45fd-bd47-9b8cd568f133}</UniqueIdentifier>
    </Filter>
  </ItemGroup>
  <ItemGroup>
    <ClCompile Include="imgui.cpp">
      <Filter>Source Files\External\imgui</Filter>
    </ClCompile>
    <ClCompile Include="imgui_demo.cpp">
      <Filter>Source Files\External\imgui</Filter>
    </ClCompile>
    <ClCompile Include="imgui_draw.cpp">
      <Filter>Source Files\External\imgui</Filter>
    </ClCompile>
    <ClCompile Include="imgui_tables.cpp">
      <Filter>Source Files\External\imgui</Filter>
    </ClCompile>
    <ClCompile Include="imgui_widgets.cpp">
      <Filter>Source Files\External\imgui</Filter>
    </ClCompile>
    <ClCompile Include="imgui_impl_win32.cpp">
      <Filter>Source Files\External\imgui</Filter>
    </ClCompile>
    <ClCompile Include="Utils.cpp">
      <Filter>Source Files\Utils</Filter>
    </ClCompile>
    <ClCompile Include="ConfigSet.cpp">
      <Filter>Source Files\Utils</Filter>
    </ClCompile>
    <ClCompile Include="Input.cpp">
      <Filter>Source Files\Utils</Filter>
    </ClCompile>
    <ClCompile Include="ScriptManager.cpp">
      <Filter>Source Files\Python</Filter>
    </ClCompile>
    <ClCompile Include="AntiCrack.cpp">
      <Filter>Source Files\Utils</Filter>
    </ClCompile>
    <ClCompile Include="LeagueMemoryReader.cpp">
      <Filter>Source Files\Core</Filter>
    </ClCompile>
    <ClCompile Include="LView.cpp">
      <Filter>Source Files\Core</Filter>
    </ClCompile>
    <ClCompile Include="Offsets.cpp">
      <Filter>Source Files\Core</Filter>
    </ClCompile>
    <ClCompile Include="imgui_impl_dx11.cpp">
      <Filter>Source Files\External\imgui</Filter>
    </ClCompile>
    <ClCompile Include="Overlay.cpp">
      <Filter>Source Files\GUI</Filter>
    </ClCompile>
    <ClCompile Include="Spell.cpp">
      <Filter>Source Files\Structs\GameRelated\Spells</Filter>
    </ClCompile>
    <ClCompile Include="GameObject.cpp">
      <Filter>Source Files\Structs\GameRelated\Units</Filter>
    </ClCompile>
    <ClCompile Include="Script.cpp">
      <Filter>Source Files\Python</Filter>
    </ClCompile>
    <ClCompile Include="GameData.cpp">
      <Filter>Source Files\Structs\GameRelated\Data</Filter>
    </ClCompile>
    <ClCompile Include="SpellInfo.cpp">
      <Filter>Source Files\Structs\GameRelated\Spells</Filter>
    </ClCompile>
    <ClCompile Include="SpellInterface.h">
      <Filter>Source Files\Structs\GameRelated\Spells</Filter>
    </ClCompile>
    <ClCompile Include="UnitInfo.cpp">
      <Filter>Source Files\Structs\GameRelated\Units</Filter>
    </ClCompile>
    <ClCompile Include="MapObject.cpp">
      <Filter>Source Files\Structs\GameRelated\Data</Filter>
    </ClCompile>
    <ClCompile Include="GameRenderer.cpp">
      <Filter>Source Files\Structs\GameRelated\Others</Filter>
    </ClCompile>
    <ClCompile Include="Texture2D.cpp">
      <Filter>Source Files\Utils</Filter>
    </ClCompile>
    <ClCompile Include="ItemSlot.cpp">
      <Filter>Source Files\Structs\GameRelated\Others</Filter>
    </ClCompile>
  </ItemGroup>
  <ItemGroup>
    <ClInclude Include="imgui.h">
      <Filter>Source Files\External\imgui</Filter>
    </ClInclude>
    <ClInclude Include="imgui_internal.h">
      <Filter>Source Files\External\imgui</Filter>
    </ClInclude>
    <ClInclude Include="imstb_rectpack.h">
      <Filter>Source Files\External\imgui</Filter>
    </ClInclude>
    <ClInclude Include="imstb_textedit.h">
      <Filter>Source Files\External\imgui</Filter>
    </ClInclude>
    <ClInclude Include="imstb_truetype.h">
      <Filter>Source Files\External\imgui</Filter>
    </ClInclude>
    <ClInclude Include="imgui_impl_win32.h">
      <Filter>Source Files\External\imgui</Filter>
    </ClInclude>
    <ClInclude Include="imconfig.h">
      <Filter>Source Files\External\imgui</Filter>
    </ClInclude>
    <ClInclude Include="Utils.h">
      <Filter>Source Files\Utils</Filter>
    </ClInclude>
    <ClInclude Include="ConfigSet.h">
      <Filter>Source Files\Utils</Filter>
    </ClInclude>
    <ClInclude Include="Input.h">
      <Filter>Source Files\Utils</Filter>
    </ClInclude>
    <ClInclude Include="MemSnapshot.h">
      <Filter>Source Files\Utils</Filter>
    </ClInclude>
    <ClInclude Include="PyStructs.h">
      <Filter>Source Files\Python</Filter>
    </ClInclude>
    <ClInclude Include="PyImguiInterface.h">
      <Filter>Source Files\Python</Filter>
    </ClInclude>
    <ClInclude Include="PyGame.h">
      <Filter>Source Files\Python</Filter>
    </ClInclude>
    <ClInclude Include="ScriptManager.h">
      <Filter>Source Files\Python</Filter>
    </ClInclude>
    <ClInclude Include="Script.h">
      <Filter>Source Files\Python</Filter>
    </ClInclude>
    <ClInclude Include="AntiCrack.h">
      <Filter>Source Files\Utils</Filter>
    </ClInclude>
    <ClInclude Include="LeagueMemoryReader.h">
      <Filter>Source Files\Core</Filter>
    </ClInclude>
    <ClInclude Include="imgui_impl_dx11.h">
      <Filter>Source Files\External\imgui</Filter>
    </ClInclude>
    <ClInclude Include="Overlay.h">
      <Filter>Source Files\GUI</Filter>
    </ClInclude>
    <ClInclude Include="Spell.h">
      <Filter>Source Files\Structs\GameRelated\Spells</Filter>
    </ClInclude>
    <ClInclude Include="GameObject.h">
      <Filter>Source Files\Structs\GameRelated\Units</Filter>
    </ClInclude>
    <ClInclude Include="Vector.h">
      <Filter>Source Files\Utils</Filter>
    </ClInclude>
    <ClInclude Include="Benchmark.h">
      <Filter>Source Files\Utils</Filter>
    </ClInclude>
    <ClInclude Include="GameData.h">
      <Filter>Source Files\Structs\GameRelated\Data</Filter>
    </ClInclude>
    <ClInclude Include="SpellInfo.h">
      <Filter>Source Files\Structs\GameRelated\Spells</Filter>
    </ClInclude>
    <ClInclude Include="UnitInfo.h">
      <Filter>Source Files\Structs\GameRelated\Units</Filter>
    </ClInclude>
    <ClInclude Include="MapObject.h">
      <Filter>Source Files\Structs\GameRelated\Data</Filter>
    </ClInclude>
    <ClInclude Include="MemoryLoadable.h">
      <Filter>Source Files\Structs\GameRelated\Others</Filter>
    </ClInclude>
    <ClInclude Include="GameRenderer.h">
      <Filter>Source Files\Structs\GameRelated\Others</Filter>
    </ClInclude>
    <ClInclude Include="stb_image.h">
      <Filter>Source Files\External\stb_image</Filter>
    </ClInclude>
    <ClInclude Include="Texture2D.h">
      <Filter>Source Files\Utils</Filter>
    </ClInclude>
    <ClInclude Include="ItemInfo.h">
      <Filter>Source Files\Structs\GameRelated\Others</Filter>
    </ClInclude>
    <ClInclude Include="ItemSlot.h">
      <Filter>Source Files\Structs\GameRelated\Others</Filter>
    </ClInclude>
    <ClInclude Include="Offsets.h">
      <Filter>Source Files\Core</Filter>
    </ClInclude>
  </ItemGroup>
</Project>